
Microsoft Visual Studio Solution File, Format Version 12.00
# Visual Studio 15
VisualStudioVersion = 15.0.26228.9
MinimumVisualStudioVersion = 10.0.40219.1
Project("{FAE04EC0-301F-11D3-BF4B-00C04F79EFBC}") = "ResearchWebStack", "ResearchWebStack\ResearchWebStack.csproj", "{13AD423A-63B6-4B5F-AFBD-773DAC38BB2B}"
EndProject
Project("{FAE04EC0-301F-11D3-BF4B-00C04F79EFBC}") = "ResearchWebStack.Content", "ResearchWebStack.Content\ResearchWebStack.Content.csproj", "{7762027F-E4BF-4DA9-9AA7-72BD1AEB363D}"
EndProject
Project("{FAE04EC0-301F-11D3-BF4B-00C04F79EFBC}") = "ResearchWebStack.Data", "ResearchWebStack.Data\ResearchWebStack.Data.csproj", "{B9BC69AB-9720-4E5A-8AA5-CDAA604D4F36}"
EndProject
Project("{FAE04EC0-301F-11D3-BF4B-00C04F79EFBC}") = "Hello", "Hello\Hello.csproj", "{AD01B8C8-655B-45E4-8434-7B821C7846E1}"
EndProject
Project("{FAE04EC0-301F-11D3-BF4B-00C04F79EFBC}") = "ResearchWebStack.CommandLine", "ResearchWebStack.CommandLine\ResearchWebStack.CommandLine.csproj", "{0D514CED-24EB-4C27-960D-A010855C6A3C}"
EndProject
Project("{FAE04EC0-301F-11D3-BF4B-00C04F79EFBC}") = "ResearchWebStack.BusinessLayer", "ResearchWebStack.BusinessLayer\ResearchWebStack.BusinessLayer.csproj", "{DEFBDE53-CF8D-4837-8951-49E968740342}"
EndProject
Project("{FAE04EC0-301F-11D3-BF4B-00C04F79EFBC}") = "ResearchWebStack.Base", "ResearchWebStack.Base\ResearchWebStack.Base.csproj", "{D533664A-3E4D-434F-828B-789B10CFF87D}"
EndProject
Global
	GlobalSection(SolutionConfigurationPlatforms) = preSolution
		Debug|Any CPU = Debug|Any CPU
		Release|Any CPU = Release|Any CPU
	EndGlobalSection
	GlobalSection(ProjectConfigurationPlatforms) = postSolution
		{13AD423A-63B6-4B5F-AFBD-773DAC38BB2B}.Debug|Any CPU.ActiveCfg = Debug|Any CPU
		{13AD423A-63B6-4B5F-AFBD-773DAC38BB2B}.Debug|Any CPU.Build.0 = Debug|Any CPU
		{13AD423A-63B6-4B5F-AFBD-773DAC38BB2B}.Release|Any CPU.ActiveCfg = Release|Any CPU
		{13AD423A-63B6-4B5F-AFBD-773DAC38BB2B}.Release|Any CPU.Build.0 = Release|Any CPU
		{7762027F-E4BF-4DA9-9AA7-72BD1AEB363D}.Debug|Any CPU.ActiveCfg = Debug|Any CPU
		{7762027F-E4BF-4DA9-9AA7-72BD1AEB363D}.Debug|Any CPU.Build.0 = Debug|Any CPU
		{7762027F-E4BF-4DA9-9AA7-72BD1AEB363D}.Release|Any CPU.ActiveCfg = Release|Any CPU
		{7762027F-E4BF-4DA9-9AA7-72BD1AEB363D}.Release|Any CPU.Build.0 = Release|Any CPU
		{B9BC69AB-9720-4E5A-8AA5-CDAA604D4F36}.Debug|Any CPU.ActiveCfg = Debug|Any CPU
		{B9BC69AB-9720-4E5A-8AA5-CDAA604D4F36}.Debug|Any CPU.Build.0 = Debug|Any CPU
		{B9BC69AB-9720-4E5A-8AA5-CDAA604D4F36}.Release|Any CPU.ActiveCfg = Release|Any CPU
		{B9BC69AB-9720-4E5A-8AA5-CDAA604D4F36}.Release|Any CPU.Build.0 = Release|Any CPU
		{AD01B8C8-655B-45E4-8434-7B821C7846E1}.Debug|Any CPU.ActiveCfg = Debug|Any CPU
		{AD01B8C8-655B-45E4-8434-7B821C7846E1}.Debug|Any CPU.Build.0 = Debug|Any CPU
		{AD01B8C8-655B-45E4-8434-7B821C7846E1}.Release|Any CPU.ActiveCfg = Release|Any CPU
		{AD01B8C8-655B-45E4-8434-7B821C7846E1}.Release|Any CPU.Build.0 = Release|Any CPU
		{0D514CED-24EB-4C27-960D-A010855C6A3C}.Debug|Any CPU.ActiveCfg = Debug|Any CPU
		{0D514CED-24EB-4C27-960D-A010855C6A3C}.Debug|Any CPU.Build.0 = Debug|Any CPU
		{0D514CED-24EB-4C27-960D-A010855C6A3C}.Release|Any CPU.ActiveCfg = Release|Any CPU
		{0D514CED-24EB-4C27-960D-A010855C6A3C}.Release|Any CPU.Build.0 = Release|Any CPU
		{DEFBDE53-CF8D-4837-8951-49E968740342}.Debug|Any CPU.ActiveCfg = Debug|Any CPU
		{DEFBDE53-CF8D-4837-8951-49E968740342}.Debug|Any CPU.Build.0 = Debug|Any CPU
		{DEFBDE53-CF8D-4837-8951-49E968740342}.Release|Any CPU.ActiveCfg = Release|Any CPU
		{DEFBDE53-CF8D-4837-8951-49E968740342}.Release|Any CPU.Build.0 = Release|Any CPU
		{D533664A-3E4D-434F-828B-789B10CFF87D}.Debug|Any CPU.ActiveCfg = Debug|Any CPU
		{D533664A-3E4D-434F-828B-789B10CFF87D}.Debug|Any CPU.Build.0 = Debug|Any CPU
		{D533664A-3E4D-434F-828B-789B10CFF87D}.Release|Any CPU.ActiveCfg = Release|Any CPU
		{D533664A-3E4D-434F-828B-789B10CFF87D}.Release|Any CPU.Build.0 = Release|Any CPU
	EndGlobalSection
	GlobalSection(SolutionProperties) = preSolution
		HideSolutionNode = FALSE
	EndGlobalSection
EndGlobal
